Microsoft Visual Studio Solution File, Format Version 12.00
# Visual Studio 15
VisualStudioVersion = 15.0.26114.2
MinimumVisualStudioVersion = 10.0.40219.1
Project("{9A19103F-16F7-4668-BE54-9A1E7A4F7556}") = "ObjectsComparer", "ObjectsComparer\ObjectsComparer.csproj", "{2F7AEB9D-0AFC-4ACC-95A4-48139216888E}"
EndProject
Project("{9A19103F-16F7-4668-BE54-9A1E7A4F7556}") = "ObjectsComparer.Examples", "ObjectsComparer.Examples\ObjectsComparer.Examples.csproj", "{546DAC42-27E2-45F0-B025-A694E875B09D}"
EndProject
Project("{9A19103F-16F7-4668-BE54-9A1E7A4F7556}") = "ObjectsComparer.Tests", "ObjectsComparer.Tests\ObjectsComparer.Tests.csproj", "{07F91D59-9144-4133-A3C8-B85747E72652}"
EndProject
Project("{2150E333-8FDC-42A3-9474-1A3956D46DE8}") = "Solution Items", "Solution Items", "{9C76A329-E886-435E-8C0B-52FE3CF6BA9C}"
	ProjectSection(SolutionItems) = preProject
		ReadMe.txt = ReadMe.txt
	EndProjectSection
EndProject
Global
	GlobalSection(SolutionConfigurationPlatforms) = preSolution
		Debug|Any CPU = Debug|Any CPU
		Debug|x64 = Debug|x64
		Debug|x86 = Debug|x86
		Release|Any CPU = Release|Any CPU
		Release|x64 = Release|x64
		Release|x86 = Release|x86
	EndGlobalSection
	GlobalSection(ProjectConfigurationPlatforms) = postSolution
		{2F7AEB9D-0AFC-4ACC-95A4-48139216888E}.Debug|Any CPU.ActiveCfg = Debug|Any CPU
		{2F7AEB9D-0AFC-4ACC-95A4-48139216888E}.Debug|Any CPU.Build.0 = Debug|Any CPU
		{2F7AEB9D-0AFC-4ACC-95A4-48139216888E}.Debug|x64.ActiveCfg = Debug|Any CPU
		{2F7AEB9D-0AFC-4ACC-95A4-48139216888E}.Debug|x64.Build.0 = Debug|Any CPU
		{2F7AEB9D-0AFC-4ACC-95A4-48139216888E}.Debug|x86.ActiveCfg = Debug|Any CPU
		{2F7AEB9D-0AFC-4ACC-95A4-48139216888E}.Debug|x86.Build.0 = Debug|Any CPU
		{2F7AEB9D-0AFC-4ACC-95A4-48139216888E}.Release|Any CPU.ActiveCfg = Release|Any CPU
		{2F7AEB9D-0AFC-4ACC-95A4-48139216888E}.Release|Any CPU.Build.0 = Release|Any CPU
		{2F7AEB9D-0AFC-4ACC-95A4-48139216888E}.Release|x64.ActiveCfg = Release|Any CPU
		{2F7AEB9D-0AFC-4ACC-95A4-48139216888E}.Release|x64.Build.0 = Release|Any CPU
		{2F7AEB9D-0AFC-4ACC-95A4-48139216888E}.Release|x86.ActiveCfg = Release|Any CPU
		{2F7AEB9D-0AFC-4ACC-95A4-48139216888E}.Release|x86.Build.0 = Release|Any CPU
		{546DAC42-27E2-45F0-B025-A694E875B09D}.Debug|Any CPU.ActiveCfg = Debug|Any CPU
		{546DAC42-27E2-45F0-B025-A694E875B09D}.Debug|Any CPU.Build.0 = Debug|Any CPU
		{546DAC42-27E2-45F0-B025-A694E875B09D}.Debug|x64.ActiveCfg = Debug|Any CPU
		{546DAC42-27E2-45F0-B025-A694E875B09D}.Debug|x64.Build.0 = Debug|Any CPU
		{546DAC42-27E2-45F0-B025-A694E875B09D}.Debug|x86.ActiveCfg = Debug|Any CPU
		{546DAC42-27E2-45F0-B025-A694E875B09D}.Debug|x86.Build.0 = Debug|Any CPU
		{546DAC42-27E2-45F0-B025-A694E875B09D}.Release|Any CPU.ActiveCfg = Release|Any CPU
		{546DAC42-27E2-45F0-B025-A694E875B09D}.Release|Any CPU.Build.0 = Release|Any CPU
		{546DAC42-27E2-45F0-B025-A694E875B09D}.Release|x64.ActiveCfg = Release|Any CPU
		{546DAC42-27E2-45F0-B025-A694E875B09D}.Release|x64.Build.0 = Release|Any CPU
		{546DAC42-27E2-45F0-B025-A694E875B09D}.Release|x86.ActiveCfg = Release|Any CPU
		{546DAC42-27E2-45F0-B025-A694E875B09D}.Release|x86.Build.0 = Release|Any CPU
		{07F91D59-9144-4133-A3C8-B85747E72652}.Debug|Any CPU.ActiveCfg = Debug|Any CPU
		{07F91D59-9144-4133-A3C8-B85747E72652}.Debug|Any CPU.Build.0 = Debug|Any CPU
		{07F91D59-9144-4133-A3C8-B85747E72652}.Debug|x64.ActiveCfg = Debug|Any CPU
		{07F91D59-9144-4133-A3C8-B85747E72652}.Debug|x64.Build.0 = Debug|Any CPU
		{07F91D59-9144-4133-A3C8-B85747E72652}.Debug|x86.ActiveCfg = Debug|Any CPU
		{07F91D59-9144-4133-A3C8-B85747E72652}.Debug|x86.Build.0 = Debug|Any CPU
		{07F91D59-9144-4133-A3C8-B85747E72652}.Release|Any CPU.ActiveCfg = Release|Any CPU
		{07F91D59-9144-4133-A3C8-B85747E72652}.Release|Any CPU.Build.0 = Release|Any CPU
		{07F91D59-9144-4133-A3C8-B85747E72652}.Release|x64.ActiveCfg = Release|Any CPU
		{07F91D59-9144-4133-A3C8-B85747E72652}.Release|x64.Build.0 = Release|Any CPU
		{07F91D59-9144-4133-A3C8-B85747E72652}.Release|x86.ActiveCfg = Release|Any CPU
		{07F91D59-9144-4133-A3C8-B85747E72652}.Release|x86.Build.0 = Release|Any CPU
	EndGlobalSection
	GlobalSection(SolutionProperties) = preSolution
		HideSolutionNode = FALSE
	EndGlobalSection
	GlobalSection(ExtensibilityGlobals) = postSolution
		SolutionGuid = {631FF5F8-05ED-4775-A645-A03C0A17D00F}
	EndGlobalSection
EndGlobal
